
Microsoft Visual Studio Solution File, Format Version 12.00
# Visual Studio 15
VisualStudioVersion = 15.0.28307.572
MinimumVisualStudioVersion = 10.0.40219.1
Project("{D2ABAB84-BF74-430A-B69E-9DC6D40DDA17}") = "Analysis Service Tutorial", "Analysis Service Tutorial\Analysis Service Tutorial.dwproj", "{64AFCC6C-A672-4903-A9F4-B6DFB5E1F5DE}"
EndProject
Global
	GlobalSection(SolutionConfigurationPlatforms) = preSolution
		Development|Default = Development|Default
	EndGlobalSection
	GlobalSection(ProjectConfigurationPlatforms) = postSolution
		{64AFCC6C-A672-4903-A9F4-B6DFB5E1F5DE}.Development|Default.ActiveCfg = Development
		{64AFCC6C-A672-4903-A9F4-B6DFB5E1F5DE}.Development|Default.Build.0 = Development
		{64AFCC6C-A672-4903-A9F4-B6DFB5E1F5DE}.Development|Default.Deploy.0 = Development
	EndGlobalSection
	GlobalSection(SolutionProperties) = preSolution
		HideSolutionNode = FALSE
	EndGlobalSection
	GlobalSection(ExtensibilityGlobals) = postSolution
		SolutionGuid = {B6283A47-4445-4BEF-957D-CE646F9B9A5F}
	EndGlobalSection
EndGlobal
